
Microsoft Visual Studio Solution File, Format Version 12.00
# Visual Studio Version 17
VisualStudioVersion = 17.13.35919.96 d17.13
MinimumVisualStudioVersion = 10.0.40219.1
Project("{FAE04EC0-301F-11D3-BF4B-00C04F79EFBC}") = "WebApiEFTemplate", "WebApiEFTemplate.csproj", "{8BBD464B-2F77-452B-9E10-5CB142B39B3E}"
EndProject
Global
	GlobalSection(SolutionConfigurationPlatforms) = preSolution
		Debug|Any CPU = Debug|Any CPU
		Release|Any CPU = Release|Any CPU
	EndGlobalSection
	GlobalSection(ProjectConfigurationPlatforms) = postSolution
		{8BBD464B-2F77-452B-9E10-5CB142B39B3E}.Debug|Any CPU.ActiveCfg = Debug|Any CPU
		{8BBD464B-2F77-452B-9E10-5CB142B39B3E}.Debug|Any CPU.Build.0 = Debug|Any CPU
		{8BBD464B-2F77-452B-9E10-5CB142B39B3E}.Release|Any CPU.ActiveCfg = Release|Any CPU
		{8BBD464B-2F77-452B-9E10-5CB142B39B3E}.Release|Any CPU.Build.0 = Release|Any CPU
	EndGlobalSection
	GlobalSection(SolutionProperties) = preSolution
		HideSolutionNode = FALSE
	EndGlobalSection
	GlobalSection(ExtensibilityGlobals) = postSolution
		SolutionGuid = {19058647-99E9-4383-84EA-B095AF3A052C}
	EndGlobalSection
EndGlobal
